# @generated by Move, please check-in and do not edit manually.

[move]
version = 0
manifest_digest = "1FE0B4B96E65C9A5E6E700E3173231CBC40E7D3C2B82E9B6A7DB874494A62A6E"
deps_digest = "F8BBB0CCB2491CA29A3DF03D6F92277A4F3574266507ACD77214D37ECA3F3082"

dependencies = [
  { name = "Sui" },
]

[[move.package]]
name = "MoveStdlib"
source = { git = "https://github.com/MystenLabs/sui.git", rev = "framework/testnet", subdir = "crates/sui-framework/packages/move-stdlib" }

[[move.package]]
name = "Sui"
source = { git = "https://github.com/MystenLabs/sui.git", rev = "framework/testnet", subdir = "crates/sui-framework/packages/sui-framework" }

dependencies = [
  { name = "MoveStdlib" },
]

[move.toolchain-version]
compiler-version = "1.24.0"
edition = "legacy"
flavor = "sui"

[env]

[env.devnet]
chain-id = "d29677eb"
original-published-id = "0xba2be14af0236f82ba0c4860cdb47756764b2b7e3ac692274b58f5807b86b1bb"
latest-published-id = "0xba2be14af0236f82ba0c4860cdb47756764b2b7e3ac692274b58f5807b86b1bb"
published-version = "1"
