{
  "lockfileVersion": 1,
  "configVersion": 0,
  "workspaces": {
    "": {
      "name": "ts-sdk-site-builder",
      "dependencies": {
        "@mysten/codegen": "^0.5.9",
        "@mysten/sui": "^1.44.0",
        "@mysten/walrus": "^0.8.3",
        "effect": "^3.19.1",
        "yaml": "^2.8.1",
      },
      "devDependencies": {
        "@types/bun": "latest",
      },
      "peerDependencies": {
        "typescript": "^5",
      },
    },
  },
  "packages": {
    "@0no-co/graphql.web": ["@0no-co/graphql.web@1.2.0", "", { "peerDependencies": { "graphql": "^14.0.0 || ^15.0.0 || ^16.0.0" }, "optionalPeers": ["graphql"] }, "sha512-/1iHy9TTr63gE1YcR5idjx8UREz1s0kFhydf3bBLCXyqjhkIc6igAzTOx3zPifCwFR87tsh/4Pa9cNts6d2otw=="],

    "@0no-co/graphqlsp": ["@0no-co/graphqlsp@1.15.0", "", { "dependencies": { "@gql.tada/internal": "^1.0.0", "graphql": "^15.5.0 || ^16.0.0 || ^17.0.0" }, "peerDependencies": { "typescript": "^5.0.0" } }, "sha512-SReJAGmOeXrHGod+9Odqrz4s43liK0b2DFUetb/jmYvxFpWmeNfFYo0seCh0jz8vG3p1pnYMav0+Tm7XwWtOJw=="],

    "@babel/code-frame": ["@babel/code-frame@7.27.1", "", { "dependencies": { "@babel/helper-validator-identifier": "^7.27.1", "js-tokens": "^4.0.0", "picocolors": "^1.1.1" } }, "sha512-cjQ7ZlQ0Mv3b47hABuTevyTuYN4i+loJKGeV9flcCgIK37cCXRh+L1bd3iBHlynerhQ7BhCkn2BPbQUL+rGqFg=="],

    "@babel/helper-validator-identifier": ["@babel/helper-validator-identifier@7.28.5", "", {}, "sha512-qSs4ifwzKJSV39ucNjsvc6WVHs6b7S03sOh2OcHF9UHfVPqWWALUsNUVzhSBiItjRZoLHx7nIarVjqKVusUZ1Q=="],

    "@gql.tada/cli-utils": ["@gql.tada/cli-utils@1.7.1", "", { "dependencies": { "@0no-co/graphqlsp": "^1.12.13", "@gql.tada/internal": "1.0.8", "graphql": "^15.5.0 || ^16.0.0 || ^17.0.0" }, "peerDependencies": { "@gql.tada/svelte-support": "1.0.1", "@gql.tada/vue-support": "1.0.1", "typescript": "^5.0.0" }, "optionalPeers": ["@gql.tada/svelte-support", "@gql.tada/vue-support"] }, "sha512-wg5ysZNQxtNQm67T3laVWmZzLpGb7QfyYWZdaUD2r1OjDj5Bgftq7eQlplmH+hsdffjuUyhJw/b5XAjeE2mJtg=="],

    "@gql.tada/internal": ["@gql.tada/internal@1.0.8", "", { "dependencies": { "@0no-co/graphql.web": "^1.0.5" }, "peerDependencies": { "graphql": "^15.5.0 || ^16.0.0 || ^17.0.0", "typescript": "^5.0.0" } }, "sha512-XYdxJhtHC5WtZfdDqtKjcQ4d7R1s0d1rnlSs3OcBEUbYiPoJJfZU7tWsVXuv047Z6msvmr4ompJ7eLSK5Km57g=="],

    "@graphql-typed-document-node/core": ["@graphql-typed-document-node/core@3.2.0", "", { "peerDependencies": { "graphql": "^0.8.0 || ^0.9.0 || ^0.10.0 || ^0.11.0 || ^0.12.0 || ^0.13.0 || ^14.0.0 || ^15.0.0 || ^16.0.0 || ^17.0.0" } }, "sha512-mB9oAsNCm9aM3/SOv4YtBMqZbYj10R7dkq8byBqxGY/ncFwhf2oQzMV+LCRlWoDSEBJ3COiR1yeDvMtsoOsuFQ=="],

    "@mysten/bcs": ["@mysten/bcs@1.9.2", "", { "dependencies": { "@mysten/utils": "0.2.0", "@scure/base": "^1.2.6" } }, "sha512-kBk5xrxV9OWR7i+JhL/plQrgQ2/KJhB2pB5gj+w6GXhbMQwS3DPpOvi/zN0Tj84jwPvHMllpEl0QHj6ywN7/eQ=="],

    "@mysten/codegen": ["@mysten/codegen@0.5.9", "", { "dependencies": { "@mysten/bcs": "1.9.2", "@mysten/sui": "1.44.0", "@stricli/auto-complete": "^1.2.0", "@stricli/core": "^1.2.0", "@types/node": "^22.15.29", "cosmiconfig": "^9.0.0", "prettier": "^3.6.2", "toml": "^3.0.0", "typescript": "^5.9.2", "zod": "^3.25.67" }, "bin": { "sui-ts-codegen": "dist/cjs/bin/cli.js", "__sui-ts-codegen_bash_complete": "dist/cjs/bin/bash-complete.js" } }, "sha512-Lzks+e3JLq1E4+zSNakud7McEhNqmwhk+86qsxZpkLTMHDaIEoPZHcKh/nHF5v0izQ1wVXU6QPjTzV/ZxqOoBA=="],

    "@mysten/sui": ["@mysten/sui@1.44.0", "", { "dependencies": { "@graphql-typed-document-node/core": "^3.2.0", "@mysten/bcs": "1.9.2", "@mysten/utils": "0.2.0", "@noble/curves": "=1.9.4", "@noble/hashes": "^1.8.0", "@protobuf-ts/grpcweb-transport": "^2.11.1", "@protobuf-ts/runtime": "^2.11.1", "@protobuf-ts/runtime-rpc": "^2.11.1", "@scure/base": "^1.2.6", "@scure/bip32": "^1.7.0", "@scure/bip39": "^1.6.0", "gql.tada": "^1.8.13", "graphql": "^16.11.0", "poseidon-lite": "0.2.1", "valibot": "^0.36.0" } }, "sha512-3p/y5gUhsG/MBXLOdX6qw1b8r1z/lKMvdfpacH+CjuEx8Y0U98R9fLmnFFd+6K+d+CE1gctBuMtcOqr+SppBug=="],

    "@mysten/utils": ["@mysten/utils@0.2.0", "", { "dependencies": { "@scure/base": "^1.2.6" } }, "sha512-CM6kJcJHX365cK6aXfFRLBiuyXc5WSBHQ43t94jqlCAIRw8umgNcTb5EnEA9n31wPAQgLDGgbG/rCUISCTJ66w=="],

    "@mysten/walrus": ["@mysten/walrus@0.8.3", "", { "dependencies": { "@mysten/bcs": "1.9.2", "@mysten/sui": "1.44.0", "@mysten/utils": "0.2.0", "@mysten/walrus-wasm": "0.1.1", "dataloader": "^2.2.3" } }, "sha512-Oa/KlhOxTRbwBO/igvNuesp2XYC9/x/tHo47k2I+qjZXU1vWaqXVjvR3LETAUOwrfWJ1n31sEvgfebbxSwEupw=="],

    "@mysten/walrus-wasm": ["@mysten/walrus-wasm@0.1.1", "", {}, "sha512-j+12gNbPAIkgY7g1d4aCF2rXDpgTLQsyjEdu0s7A8xlu/95u5quP7Tc7Jz7VLFfbtkJigBpGyPZ/8J2tZv4cJA=="],

    "@noble/curves": ["@noble/curves@1.9.4", "", { "dependencies": { "@noble/hashes": "1.8.0" } }, "sha512-2bKONnuM53lINoDrSmK8qP8W271ms7pygDhZt4SiLOoLwBtoHqeCFi6RG42V8zd3mLHuJFhU/Bmaqo4nX0/kBw=="],

    "@noble/hashes": ["@noble/hashes@1.8.0", "", {}, "sha512-jCs9ldd7NwzpgXDIf6P3+NrHh9/sD6CQdxHyjQI+h/6rDNo88ypBxxz45UDuZHz9r3tNz7N/VInSVoVdtXEI4A=="],

    "@protobuf-ts/grpcweb-transport": ["@protobuf-ts/grpcweb-transport@2.11.1", "", { "dependencies": { "@protobuf-ts/runtime": "^2.11.1", "@protobuf-ts/runtime-rpc": "^2.11.1" } }, "sha512-1W4utDdvOB+RHMFQ0soL4JdnxjXV+ddeGIUg08DvZrA8Ms6k5NN6GBFU2oHZdTOcJVpPrDJ02RJlqtaoCMNBtw=="],

    "@protobuf-ts/runtime": ["@protobuf-ts/runtime@2.11.1", "", {}, "sha512-KuDaT1IfHkugM2pyz+FwiY80ejWrkH1pAtOBOZFuR6SXEFTsnb/jiQWQ1rCIrcKx2BtyxnxW6BWwsVSA/Ie+WQ=="],

    "@protobuf-ts/runtime-rpc": ["@protobuf-ts/runtime-rpc@2.11.1", "", { "dependencies": { "@protobuf-ts/runtime": "^2.11.1" } }, "sha512-4CqqUmNA+/uMz00+d3CYKgElXO9VrEbucjnBFEjqI4GuDrEQ32MaI3q+9qPBvIGOlL4PmHXrzM32vBPWRhQKWQ=="],

    "@scure/base": ["@scure/base@1.2.6", "", {}, "sha512-g/nm5FgUa//MCj1gV09zTJTaM6KBAHqLN907YVQqf7zC49+DcO4B1so4ZX07Ef10Twr6nuqYEH9GEggFXA4Fmg=="],

    "@scure/bip32": ["@scure/bip32@1.7.0", "", { "dependencies": { "@noble/curves": "~1.9.0", "@noble/hashes": "~1.8.0", "@scure/base": "~1.2.5" } }, "sha512-E4FFX/N3f4B80AKWp5dP6ow+flD1LQZo/w8UnLGYZO674jS6YnYeepycOOksv+vLPSpgN35wgKgy+ybfTb2SMw=="],

    "@scure/bip39": ["@scure/bip39@1.6.0", "", { "dependencies": { "@noble/hashes": "~1.8.0", "@scure/base": "~1.2.5" } }, "sha512-+lF0BbLiJNwVlev4eKelw1WWLaiKXw7sSl8T6FvBlWkdX+94aGJ4o8XjUdlyhTCjd8c+B3KT3JfS8P0bLRNU6A=="],

    "@standard-schema/spec": ["@standard-schema/spec@1.0.0", "", {}, "sha512-m2bOd0f2RT9k8QJx1JN85cZYyH1RqFBdlwtkSlf4tBDYLCiiZnv1fIIwacK6cqwXavOydf0NPToMQgpKq+dVlA=="],

    "@stricli/auto-complete": ["@stricli/auto-complete@1.2.4", "", { "dependencies": { "@stricli/core": "^1.2.4" }, "bin": { "auto-complete": "dist/bin/cli.js" } }, "sha512-MxGgeBbFyH+YtzhIjJeOr68NSx0r8mn4+hWRGgWn31YTG9u0Oa2y9oGHPY+PHeoTfvS7vhgllFvOrHcTVpwTrA=="],

    "@stricli/core": ["@stricli/core@1.2.4", "", {}, "sha512-ujvJDQpC2FINWvlTjkFz+Qzw/vsB8p/LyZEW18idisqIyjXR6yb+sF3WTUPksl+5ZON5r4fHQnCqQWnJxeqSzg=="],

    "@types/bun": ["@types/bun@1.3.1", "", { "dependencies": { "bun-types": "1.3.1" } }, "sha512-4jNMk2/K9YJtfqwoAa28c8wK+T7nvJFOjxI4h/7sORWcypRNxBpr+TPNaCfVWq70tLCJsqoFwcf0oI0JU/fvMQ=="],

    "@types/node": ["@types/node@22.19.0", "", { "dependencies": { "undici-types": "~6.21.0" } }, "sha512-xpr/lmLPQEj+TUnHmR+Ab91/glhJvsqcjB+yY0Ix9GO70H6Lb4FHH5GeqdOE5btAx7eIMwuHkp4H2MSkLcqWbA=="],

    "@types/react": ["@types/react@19.2.2", "", { "dependencies": { "csstype": "^3.0.2" } }, "sha512-6mDvHUFSjyT2B2yeNx2nUgMxh9LtOWvkhIU3uePn2I2oyNymUAX1NIsdgviM4CH+JSrp2D2hsMvJOkxY+0wNRA=="],

    "argparse": ["argparse@2.0.1", "", {}, "sha512-8+9WqebbFzpX9OR+Wa6O29asIogeRMzcGtAINdpMHHyAg10f05aSFVBbcEqGf/PXw1EjAZ+q2/bEBg3DvurK3Q=="],

    "bun-types": ["bun-types@1.3.1", "", { "dependencies": { "@types/node": "*" }, "peerDependencies": { "@types/react": "^19" } }, "sha512-NMrcy7smratanWJ2mMXdpatalovtxVggkj11bScuWuiOoXTiKIu2eVS1/7qbyI/4yHedtsn175n4Sm4JcdHLXw=="],

    "callsites": ["callsites@3.1.0", "", {}, "sha512-P8BjAsXvZS+VIDUI11hHCQEv74YT67YUi5JJFNWIqL235sBmjX4+qx9Muvls5ivyNENctx46xQLQ3aTuE7ssaQ=="],

    "cosmiconfig": ["cosmiconfig@9.0.0", "", { "dependencies": { "env-paths": "^2.2.1", "import-fresh": "^3.3.0", "js-yaml": "^4.1.0", "parse-json": "^5.2.0" }, "peerDependencies": { "typescript": ">=4.9.5" }, "optionalPeers": ["typescript"] }, "sha512-itvL5h8RETACmOTFc4UfIyB2RfEHi71Ax6E/PivVxq9NseKbOWpeyHEOIbmAw1rs8Ak0VursQNww7lf7YtUwzg=="],

    "csstype": ["csstype@3.1.3", "", {}, "sha512-M1uQkMl8rQK/szD0LNhtqxIPLpimGm8sOBwU7lLnCpSbTyY3yeU1Vc7l4KT5zT4s/yOxHH5O7tIuuLOCnLADRw=="],

    "dataloader": ["dataloader@2.2.3", "", {}, "sha512-y2krtASINtPFS1rSDjacrFgn1dcUuoREVabwlOGOe4SdxenREqwjwjElAdwvbGM7kgZz9a3KVicWR7vcz8rnzA=="],

    "effect": ["effect@3.19.1", "", { "dependencies": { "@standard-schema/spec": "^1.0.0", "fast-check": "^3.23.1" } }, "sha512-SColjj+hRzL4bPxuE4s5aBBx3jbG5AX28fzHQosB8YzUxCQUUfBILsVW9HOJbXewHajzyFggtrJoK+xyvQYn+g=="],

    "env-paths": ["env-paths@2.2.1", "", {}, "sha512-+h1lkLKhZMTYjog1VEpJNG7NZJWcuc2DDk/qsqSTRRCOXiLjeQ1d1/udrUGhqMxUgAlwKNZ0cf2uqan5GLuS2A=="],

    "error-ex": ["error-ex@1.3.4", "", { "dependencies": { "is-arrayish": "^0.2.1" } }, "sha512-sqQamAnR14VgCr1A618A3sGrygcpK+HEbenA/HiEAkkUwcZIIB/tgWqHFxWgOyDh4nB4JCRimh79dR5Ywc9MDQ=="],

    "fast-check": ["fast-check@3.23.2", "", { "dependencies": { "pure-rand": "^6.1.0" } }, "sha512-h5+1OzzfCC3Ef7VbtKdcv7zsstUQwUDlYpUTvjeUsJAssPgLn7QzbboPtL5ro04Mq0rPOsMzl7q5hIbRs2wD1A=="],

    "gql.tada": ["gql.tada@1.8.13", "", { "dependencies": { "@0no-co/graphql.web": "^1.0.5", "@0no-co/graphqlsp": "^1.12.13", "@gql.tada/cli-utils": "1.7.1", "@gql.tada/internal": "1.0.8" }, "peerDependencies": { "typescript": "^5.0.0" }, "bin": { "gql-tada": "bin/cli.js", "gql.tada": "bin/cli.js" } }, "sha512-fYoorairdPgxtE7Sf1X9/6bSN9Kt2+PN8KLg3hcF8972qFnawwUgs1OLVU8efZMHwL7EBHhhKBhrsGPlOs2lZQ=="],

    "graphql": ["graphql@16.12.0", "", {}, "sha512-DKKrynuQRne0PNpEbzuEdHlYOMksHSUI8Zc9Unei5gTsMNA2/vMpoMz/yKba50pejK56qj98qM0SjYxAKi13gQ=="],

    "import-fresh": ["import-fresh@3.3.1", "", { "dependencies": { "parent-module": "^1.0.0", "resolve-from": "^4.0.0" } }, "sha512-TR3KfrTZTYLPB6jUjfx6MF9WcWrHL9su5TObK4ZkYgBdWKPOFoSoQIdEuTuR82pmtxH2spWG9h6etwfr1pLBqQ=="],

    "is-arrayish": ["is-arrayish@0.2.1", "", {}, "sha512-zz06S8t0ozoDXMG+ube26zeCTNXcKIPJZJi8hBrF4idCLms4CG9QtK7qBl1boi5ODzFpjswb5JPmHCbMpjaYzg=="],

    "js-tokens": ["js-tokens@4.0.0", "", {}, "sha512-RdJUflcE3cUzKiMqQgsCu06FPu9UdIJO0beYbPhHN4k6apgJtifcoCtT9bcxOpYBtpD2kCM6Sbzg4CausW/PKQ=="],

    "js-yaml": ["js-yaml@4.1.0", "", { "dependencies": { "argparse": "^2.0.1" }, "bin": { "js-yaml": "bin/js-yaml.js" } }, "sha512-wpxZs9NoxZaJESJGIZTyDEaYpl0FKSA+FB9aJiyemKhMwkxQg63h4T1KJgUGHpTqPDNRcmmYLugrRjJlBtWvRA=="],

    "json-parse-even-better-errors": ["json-parse-even-better-errors@2.3.1", "", {}, "sha512-xyFwyhro/JEof6Ghe2iz2NcXoj2sloNsWr/XsERDK/oiPCfaNhl5ONfp+jQdAZRQQ0IJWNzH9zIZF7li91kh2w=="],

    "lines-and-columns": ["lines-and-columns@1.2.4", "", {}, "sha512-7ylylesZQ/PV29jhEDl3Ufjo6ZX7gCqJr5F7PKrqc93v7fzSymt1BpwEU8nAUXs8qzzvqhbjhK5QZg6Mt/HkBg=="],

    "parent-module": ["parent-module@1.0.1", "", { "dependencies": { "callsites": "^3.0.0" } }, "sha512-GQ2EWRpQV8/o+Aw8YqtfZZPfNRWZYkbidE9k5rpl/hC3vtHHBfGm2Ifi6qWV+coDGkrUKZAxE3Lot5kcsRlh+g=="],

    "parse-json": ["parse-json@5.2.0", "", { "dependencies": { "@babel/code-frame": "^7.0.0", "error-ex": "^1.3.1", "json-parse-even-better-errors": "^2.3.0", "lines-and-columns": "^1.1.6" } }, "sha512-ayCKvm/phCGxOkYRSCM82iDwct8/EonSEgCSxWxD7ve6jHggsFl4fZVQBPRNgQoKiuV/odhFrGzQXZwbifC8Rg=="],

    "picocolors": ["picocolors@1.1.1", "", {}, "sha512-xceH2snhtb5M9liqDsmEw56le376mTZkEX/jEb/RxNFyegNul7eNslCXP9FDj/Lcu0X8KEyMceP2ntpaHrDEVA=="],

    "poseidon-lite": ["poseidon-lite@0.2.1", "", {}, "sha512-xIr+G6HeYfOhCuswdqcFpSX47SPhm0EpisWJ6h7fHlWwaVIvH3dLnejpatrtw6Xc6HaLrpq05y7VRfvDmDGIog=="],

    "prettier": ["prettier@3.6.2", "", { "bin": { "prettier": "bin/prettier.cjs" } }, "sha512-I7AIg5boAr5R0FFtJ6rCfD+LFsWHp81dolrFD8S79U9tb8Az2nGrJncnMSnys+bpQJfRUzqs9hnA81OAA3hCuQ=="],

    "pure-rand": ["pure-rand@6.1.0", "", {}, "sha512-bVWawvoZoBYpp6yIoQtQXHZjmz35RSVHnUOTefl8Vcjr8snTPY1wnpSPMWekcFwbxI6gtmT7rSYPFvz71ldiOA=="],

    "resolve-from": ["resolve-from@4.0.0", "", {}, "sha512-pb/MYmXstAkysRFx8piNI1tGFNQIFA3vkE3Gq4EuA1dF6gHp/+vgZqsCGJapvy8N3Q+4o7FwvquPJcnZ7RYy4g=="],

    "toml": ["toml@3.0.0", "", {}, "sha512-y/mWCZinnvxjTKYhJ+pYxwD0mRLVvOtdS2Awbgxln6iEnt4rk0yBxeSBHkGJcPucRiG0e55mwWp+g/05rsrd6w=="],

    "typescript": ["typescript@5.9.3", "", { "bin": { "tsc": "bin/tsc", "tsserver": "bin/tsserver" } }, "sha512-jl1vZzPDinLr9eUt3J/t7V6FgNEw9QjvBPdysz9KfQDD41fQrC2Y4vKQdiaUpFT4bXlb1RHhLpp8wtm6M5TgSw=="],

    "undici-types": ["undici-types@6.21.0", "", {}, "sha512-iwDZqg0QAGrg9Rav5H4n0M64c3mkR59cJ6wQp+7C4nI0gsmExaedaYLNO44eT4AtBBwjbTiGPMlt2Md0T9H9JQ=="],

    "valibot": ["valibot@0.36.0", "", {}, "sha512-CjF1XN4sUce8sBK9TixrDqFM7RwNkuXdJu174/AwmQUB62QbCQADg5lLe8ldBalFgtj1uKj+pKwDJiNo4Mn+eQ=="],

    "yaml": ["yaml@2.8.1", "", { "bin": { "yaml": "bin.mjs" } }, "sha512-lcYcMxX2PO9XMGvAJkJ3OsNMw+/7FKes7/hgerGUYWIoWu5j/+YQqcZr5JnPZWzOsEBgMbSbiSTn/dv/69Mkpw=="],

    "zod": ["zod@3.25.76", "", {}, "sha512-gzUt/qt81nXsFGKIFcC3YnfEAx5NkunCfnDlvuBSSFS02bcXu4Lmea0AFIUwbLWxWPx3d9p8S5QoaujKcNQxcQ=="],

    "bun-types/@types/node": ["@types/node@24.10.0", "", { "dependencies": { "undici-types": "~7.16.0" } }, "sha512-qzQZRBqkFsYyaSWXuEHc2WR9c0a0CXwiE5FWUvn7ZM+vdy1uZLfCunD38UzhuB7YN/J11ndbDBcTmOdxJo9Q7A=="],

    "bun-types/@types/node/undici-types": ["undici-types@7.16.0", "", {}, "sha512-Zz+aZWSj8LE6zoxD+xrjh4VfkIG8Ya6LvYkZqtUQGJPZjYl53ypCaUwWqo7eI0x66KBGeRo+mlBEkMSeSZ38Nw=="],
  }
}
