{
  "lockfileVersion": 1,
  "workspaces": {
    "": {
      "name": "blocklist_api",
      "dependencies": {
        "hono": "^4.7.2",
        "redis": "^4.7.0",
      },
      "devDependencies": {
        "@types/bun": "latest",
      },
    },
  },
  "packages": {
    "@redis/bloom": ["@redis/bloom@1.2.0", "", { "peerDependencies": { "@redis/client": "^1.0.0" } }, "sha512-HG2DFjYKbpNmVXsa0keLHp/3leGJz1mjh09f2RLGGLQZzSHpkmZWuwJbAvo3QcRY8p80m5+ZdXZdYOSBLlp7Cg=="],

    "@redis/client": ["@redis/client@1.6.0", "", { "dependencies": { "cluster-key-slot": "1.1.2", "generic-pool": "3.9.0", "yallist": "4.0.0" } }, "sha512-aR0uffYI700OEEH4gYnitAnv3vzVGXCFvYfdpu/CJKvk4pHfLPEy/JSZyrpQ+15WhXe1yJRXLtfQ84s4mEXnPg=="],

    "@redis/graph": ["@redis/graph@1.1.1", "", { "peerDependencies": { "@redis/client": "^1.0.0" } }, "sha512-FEMTcTHZozZciLRl6GiiIB4zGm5z5F3F6a6FZCyrfxdKOhFlGkiAqlexWMBzCi4DcRoyiOsuLfW+cjlGWyExOw=="],

    "@redis/json": ["@redis/json@1.0.7", "", { "peerDependencies": { "@redis/client": "^1.0.0" } }, "sha512-6UyXfjVaTBTJtKNG4/9Z8PSpKE6XgSyEb8iwaqDcy+uKrd/DGYHTWkUdnQDyzm727V7p21WUMhsqz5oy65kPcQ=="],

    "@redis/search": ["@redis/search@1.2.0", "", { "peerDependencies": { "@redis/client": "^1.0.0" } }, "sha512-tYoDBbtqOVigEDMAcTGsRlMycIIjwMCgD8eR2t0NANeQmgK/lvxNAvYyb6bZDD4frHRhIHkJu2TBRvB0ERkOmw=="],

    "@redis/time-series": ["@redis/time-series@1.1.0", "", { "peerDependencies": { "@redis/client": "^1.0.0" } }, "sha512-c1Q99M5ljsIuc4YdaCwfUEXsofakb9c8+Zse2qxTadu8TalLXuAESzLvFAvNVbkmSlvlzIQOLpBCmWI9wTOt+g=="],

    "@types/bun": ["@types/bun@1.2.4", "", { "dependencies": { "bun-types": "1.2.4" } }, "sha512-QtuV5OMR8/rdKJs213iwXDpfVvnskPXY/S0ZiFbsTjQZycuqPbMW8Gf/XhLfwE5njW8sxI2WjISURXPlHypMFA=="],

    "@types/node": ["@types/node@22.13.5", "", { "dependencies": { "undici-types": "~6.20.0" } }, "sha512-+lTU0PxZXn0Dr1NBtC7Y8cR21AJr87dLLU953CWA6pMxxv/UDc7jYAY90upcrie1nRcD6XNG5HOYEDtgW5TxAg=="],

    "@types/ws": ["@types/ws@8.5.14", "", { "dependencies": { "@types/node": "*" } }, "sha512-bd/YFLW+URhBzMXurx7lWByOu+xzU9+kb3RboOteXYDfW+tr+JZa99OyNmPINEGB/ahzKrEuc8rcv4gnpJmxTw=="],

    "bun-types": ["bun-types@1.2.4", "", { "dependencies": { "@types/node": "*", "@types/ws": "~8.5.10" } }, "sha512-nDPymR207ZZEoWD4AavvEaa/KZe/qlrbMSchqpQwovPZCKc7pwMoENjEtHgMKaAjJhy+x6vfqSBA1QU3bJgs0Q=="],

    "cluster-key-slot": ["cluster-key-slot@1.1.2", "", {}, "sha512-RMr0FhtfXemyinomL4hrWcYJxmX6deFdCxpJzhDttxgO1+bcCnkk+9drydLVDmAMG7NE6aN/fl4F7ucU/90gAA=="],

    "generic-pool": ["generic-pool@3.9.0", "", {}, "sha512-hymDOu5B53XvN4QT9dBmZxPX4CWhBPPLguTZ9MMFeFa/Kg0xWVfylOVNlJji/E7yTZWFd/q9GO5TxDLq156D7g=="],

    "hono": ["hono@4.7.2", "", {}, "sha512-8V5XxoOF6SI12jkHkzX/6aLBMU5GEF5g387EjVSQipS0DlxWgWGSMeEayY3CRBjtTUQYwLHx9JYouWqKzy2Vng=="],

    "redis": ["redis@4.7.0", "", { "dependencies": { "@redis/bloom": "1.2.0", "@redis/client": "1.6.0", "@redis/graph": "1.1.1", "@redis/json": "1.0.7", "@redis/search": "1.2.0", "@redis/time-series": "1.1.0" } }, "sha512-zvmkHEAdGMn+hMRXuMBtu4Vo5P6rHQjLoHftu+lBqq8ZTA3RCVC/WzD790bkKKiNFp7d5/9PcSD19fJyyRvOdQ=="],

    "undici-types": ["undici-types@6.20.0", "", {}, "sha512-Ny6QZ2Nju20vw1SRHe3d9jVu6gJ+4e3+MMpqu7pqE5HT6WsTSlce++GQmK5UXS8mzV8DSYHrQH+Xrf2jVcuKNg=="],

    "yallist": ["yallist@4.0.0", "", {}, "sha512-3wdGidZyq5PB084XLES5TpOSRA3wjXAlIWMhum2kRcv/41Sn2emQ0dycQW4uZXLejwKvg6EsvbdlVL+FYEct7A=="],
  }
}
