# @generated by Move, please check-in and do not edit manually.

[move]
version = 0
manifest_digest = "6955A2973AF0DB196E469AD72FDB6D203278DF6207C4561B7B9FDC4BD1AC951D"
deps_digest = "F8BBB0CCB2491CA29A3DF03D6F92277A4F3574266507ACD77214D37ECA3F3082"

dependencies = [
  { name = "Sui" },
]

[[move.package]]
name = "MoveStdlib"
source = { git = "https://github.com/MystenLabs/sui.git", rev = "framework/testnet", subdir = "crates/sui-framework/packages/move-stdlib" }

[[move.package]]
name = "Sui"
source = { git = "https://github.com/MystenLabs/sui.git", rev = "framework/testnet", subdir = "crates/sui-framework/packages/sui-framework" }

dependencies = [
  { name = "MoveStdlib" },
]

[move.toolchain-version]
compiler-version = "1.33.1"
edition = "2024.beta"
flavor = "sui"

[env]

[env.devnet]
chain-id = "f4950f51"
original-published-id = "0x4aa225670aed22aa0cf4f12464214bcf1a9506819e56f624db74e56218dcf739"
latest-published-id = "0x4aa225670aed22aa0cf4f12464214bcf1a9506819e56f624db74e56218dcf739"
published-version = "1"

[env.testnet]
chain-id = "4c78adac"
original-published-id = "0xc10bee83d35e0ab09b8cd77108c9175074e0b96e6b89469c79960bb0b6d1b918"
latest-published-id = "0xc10bee83d35e0ab09b8cd77108c9175074e0b96e6b89469c79960bb0b6d1b918"
published-version = "1"
