# @generated by Move, please check-in and do not edit manually.

[move]
version = 0
manifest_digest = "E9C7401E4D5BF8E549B5CB4E935992B4BEEEB50757B900BB03D72491F31A7087"
deps_digest = "F8BBB0CCB2491CA29A3DF03D6F92277A4F3574266507ACD77214D37ECA3F3082"

dependencies = [
  { name = "Sui" },
]

[[move.package]]
name = "MoveStdlib"
source = { git = "https://github.com/MystenLabs/sui.git", rev = "framework/testnet", subdir = "crates/sui-framework/packages/move-stdlib" }

[[move.package]]
name = "Sui"
source = { git = "https://github.com/MystenLabs/sui.git", rev = "framework/testnet", subdir = "crates/sui-framework/packages/sui-framework" }

dependencies = [
  { name = "MoveStdlib" },
]

[move.toolchain-version]
compiler-version = "1.33.1"
edition = "2024.beta"
flavor = "sui"

[env]

[env.devnet]
chain-id = "f4950f51"
original-published-id = "0x4aa225670aed22aa0cf4f12464214bcf1a9506819e56f624db74e56218dcf739"
latest-published-id = "0x4aa225670aed22aa0cf4f12464214bcf1a9506819e56f624db74e56218dcf739"
published-version = "1"

[env.testnet]
chain-id = "4c78adac"
original-published-id = "0xe15cd956d3f54ad0b6608b01b96e9999d66552dfd025e698ac16cd0df1787a25"
latest-published-id = "0xe15cd956d3f54ad0b6608b01b96e9999d66552dfd025e698ac16cd0df1787a25"
published-version = "1"
